lockfileVersion: '6.0'

dependencies:
  bun:
    specifier: ^1.0.29
    version: 1.0.29
  dotenv:
    specifier: ^16.4.5
    version: 16.4.5
  iudex:
    specifier: link:..
    version: link:..
  yelp-fusion:
    specifier: ^3.0.0
    version: 3.0.0
  zod:
    specifier: ^3.22.4
    version: 3.22.4

packages:

  /@oven/bun-darwin-aarch64@1.0.29:
    resolution: {integrity: sha512-OhlPQO0zE7rgZ2LpkLr3A3cOoS6V+V3QvkPtlwB5TLlnrbcs78rnRBse/ibl46GAA1HnEn1ugxbsjAJkZ31WVA==}
    cpu: [arm64]
    os: [darwin]
    requiresBuild: true
    dev: false
    optional: true

  /@oven/bun-darwin-x64-baseline@1.0.29:
    resolution: {integrity: sha512-/4RLSFIO+a0wVBR6/OZqEZJX3lGjPKK30V1Nce+ziceuk2Hmm+MsmzK/704UDi9MWWtXdRhe9Ayd4yZ+C0kZww==}
    cpu: [x64]
    os: [darwin]
    requiresBuild: true
    dev: false
    optional: true

  /@oven/bun-darwin-x64@1.0.29:
    resolution: {integrity: sha512-y7zjOWdUl7rtzt900XTYPwaSL0qBZpkGmHJNqEMmhVuqUclMwmQmqUnBDMoKwgW84nLQXkzcKyBZlOBNohpQZw==}
    cpu: [x64]
    os: [darwin]
    requiresBuild: true
    dev: false
    optional: true

  /@oven/bun-linux-aarch64@1.0.29:
    resolution: {integrity: sha512-X8czxV2WBKSO4tctlmgImhYeWIuD4Abd2gvwUqwDliMsMhkNL/AiLcbgS3M7TCG+YFsqyIkOj2uf7nixs3hIPA==}
    cpu: [arm64]
    os: [linux]
    requiresBuild: true
    dev: false
    optional: true

  /@oven/bun-linux-x64-baseline@1.0.29:
    resolution: {integrity: sha512-mZTBwBi94dU9229M2z24euFIMHbeHbMrrlzl3f+CKPzZxKPe5FG6EOudr8xRCoiuvZGgbvbkqZeRFJQjpVdOfg==}
    cpu: [x64]
    os: [linux]
    requiresBuild: true
    dev: false
    optional: true

  /@oven/bun-linux-x64@1.0.29:
    resolution: {integrity: sha512-i9YbwQ2sh+IiruNq3nhKvZx0piZkMf/b58jkxbjxW+WfgNFpo0EMuj+ZwNDjF9VC6SMbsI9CoC6lmP4+CCM3nQ==}
    cpu: [x64]
    os: [linux]
    requiresBuild: true
    dev: false
    optional: true

  /@tonybadguy/call-me-maybe@2.1.1:
    resolution: {integrity: sha512-Gc7G5o5Wd5I0d3ohzoZmqb1Jowr8sGURcFmGsoqiPk2ydFjwtYXRQTb4eYoJ1dZqdBlQGHRmL5mmbiMm4Kl2/w==}
    dependencies:
      caseless: 0.11.0
      error: 7.2.1
      small-request: 2.1.0
      string-template: 1.0.0
    dev: false

  /bun@1.0.29:
    resolution: {integrity: sha512-OQfMWb+UxgBA5Fnne/6GPmk3kh9HmECOIGG2P/m97QYmCthKMJlFBF8Q5TC+ayL5TvfVEXZxw7V4yHr1cqGK6w==}
    cpu: [arm64, x64]
    os: [darwin, linux]
    hasBin: true
    requiresBuild: true
    optionalDependencies:
      '@oven/bun-darwin-aarch64': 1.0.29
      '@oven/bun-darwin-x64': 1.0.29
      '@oven/bun-darwin-x64-baseline': 1.0.29
      '@oven/bun-linux-aarch64': 1.0.29
      '@oven/bun-linux-x64': 1.0.29
      '@oven/bun-linux-x64-baseline': 1.0.29
    dev: false

  /caseless@0.11.0:
    resolution: {integrity: sha512-ODLXH644w9C2fMPAm7bMDQ3GRvipZWZfKc+8As6hIadRIelE0n0xZuN38NS6kiK3KPEVrpymmQD8bvncAHWQkQ==}
    dev: false

  /dotenv@16.4.5:
    resolution: {integrity: sha512-ZmdL2rui+eB2YwhsWzjInR8LldtZHGDoQ1ugH85ppHKwpUHL7j7rN0Ti9NCnGiQbhaZ11FpR+7ao1dNsmduNUg==}
    engines: {node: '>=12'}
    dev: false

  /error@7.2.1:
    resolution: {integrity: sha512-fo9HBvWnx3NGUKMvMwB/CBCMMrfEJgbDTVDEkPygA3Bdd3lM1OyCd+rbQ8BwnpF6GdVeOLDNmyL4N5Bg80ZvdA==}
    dependencies:
      string-template: 0.2.1
    dev: false

  /request-function@2.0.0:
    resolution: {integrity: sha512-tw6kEYJp+JPLEjcEBFEtAvtDFUHY50LtrSAJHKXaos2+geAXSKjKNdA2wwTsqDq8YKl1i3+TJ60AjUb5exaM8A==}
    dependencies:
      error: 7.2.1
    dev: false

  /small-request@2.1.0:
    resolution: {integrity: sha512-tQlteNci7wsIsmt7KoyZj0izeuY718NBeKVhJdWxTmQHKsJp4INUhWLTJ000EzNu9p41TqbGPOrSl0wroK581Q==}
    dependencies:
      request-function: 2.0.0
    dev: false

  /string-template@0.2.1:
    resolution: {integrity: sha512-Yptehjogou2xm4UJbxJ4CxgZx12HBfeystp0y3x7s4Dj32ltVVG1Gg8YhKjHZkHicuKpZX/ffilA8505VbUbpw==}
    dev: false

  /string-template@1.0.0:
    resolution: {integrity: sha512-SLqR3GBUXuoPP5MmYtD7ompvXiG87QjT6lzOszyXjTM86Uu7At7vNnt2xgyTLq5o9T4IxTYFyGxcULqpsmsfdg==}
    dev: false

  /yelp-fusion@3.0.0:
    resolution: {integrity: sha512-Os4A0+v980W8sm4kurUpK4E0FMS5hvtA0//g7Jb9QI2gS7WfX/1Zw12S792LKt3YM/qJNow7XIR2g3bONlX/fg==}
    dependencies:
      '@tonybadguy/call-me-maybe': 2.1.1
    dev: false

  /zod@3.22.4:
    resolution: {integrity: sha512-iC+8Io04lddc+mVqQ9AZ7OQ2MrUKGN+oIQyq1vemgt46jwCwLfhq7/pwnBnNXXXZb8VTVLKwp9EDkx+ryxIWmg==}
    dev: false
